
// !$*UTF8*$!
{
	archiveVersion = 1;
	classes = {
	};
	objectVersion = 46;
	objects = {

/* Begin PBXAggregateTarget section */
		"CryptoKit25519::CryptoKit25519PackageTests::ProductTarget" /* CryptoKit25519PackageTests */ = {
			isa = PBXAggregateTarget;
			buildConfigurationList = OBJ_352 /* Build configuration list for PBXAggregateTarget "CryptoKit25519PackageTests" */;
			buildPhases = (
			);
			dependencies = (
				OBJ_355 /* PBXTargetDependency */,
			);
			name = CryptoKit25519PackageTests;
			productName = CryptoKit25519PackageTests;
		};
/* End PBXAggregateTarget section */

/* Begin PBXBuildFile section */
		CE1E036523C693A900F15FD3 /* SharedSecret.swift in Sources */ = {isa = PBXBuildFile; fileRef = CE1E036323C6936F00F15FD3 /* SharedSecret.swift */; };
		CE1E036823C694F400F15FD3 /* SymmetricKey.swift in Sources */ = {isa = PBXBuildFile; fileRef = CE1E036623C694C100F15FD3 /* SymmetricKey.swift */; };
		CE1E036C23C69ADE00F15FD3 /* SigningPrivateKey.swift in Sources */ = {isa = PBXBuildFile; fileRef = CE1E036A23C69AD800F15FD3 /* SigningPrivateKey.swift */; };
		CE1E036F23C69BA200F15FD3 /* SigningPublicKey.swift in Sources */ = {isa = PBXBuildFile; fileRef = CE1E036D23C69B3400F15FD3 /* SigningPublicKey.swift */; };
		CE8A488323CCA5850097D974 /* AES.swift in Sources */ = {isa = PBXBuildFile; fileRef = CE8A488123CCA42C0097D974 /* AES.swift */; };
		CE8A488623CCA8BE0097D974 /* Randomness.swift in Sources */ = {isa = PBXBuildFile; fileRef = CE8A488423CCA8880097D974 /* Randomness.swift */; };
		CE8A488923CCAC180097D974 /* CryptoKitError.swift in Sources */ = {isa = PBXBuildFile; fileRef = CE8A488723CCAC140097D974 /* CryptoKitError.swift */; };
		CE8A488D23CCB0650097D974 /* GCM.swift in Sources */ = {isa = PBXBuildFile; fileRef = CE8A488B23CCB0610097D974 /* GCM.swift */; };
		CE8A489023CCB0990097D974 /* Nonce.swift in Sources */ = {isa = PBXBuildFile; fileRef = CE8A488E23CCB0960097D974 /* Nonce.swift */; };
		CE8A489323CCB0CE0097D974 /* SealedBox.swift in Sources */ = {isa = PBXBuildFile; fileRef = CE8A489123CCB0CB0097D974 /* SealedBox.swift */; };
		OBJ_216 /* blocks.c in Sources */ = {isa = PBXBuildFile; fileRef = OBJ_106 /* blocks.c */; };
		OBJ_217 /* compare.c in Sources */ = {isa = PBXBuildFile; fileRef = OBJ_107 /* compare.c */; };
		OBJ_218 /* curve_sigs.c in Sources */ = {isa = PBXBuildFile; fileRef = OBJ_108 /* curve_sigs.c */; };
		OBJ_219 /* elligator.c in Sources */ = {isa = PBXBuildFile; fileRef = OBJ_109 /* elligator.c */; };
		OBJ_220 /* fe_0.c in Sources */ = {isa = PBXBuildFile; fileRef = OBJ_110 /* fe_0.c */; };
		OBJ_221 /* fe_1.c in Sources */ = {isa = PBXBuildFile; fileRef = OBJ_111 /* fe_1.c */; };
		OBJ_222 /* fe_add.c in Sources */ = {isa = PBXBuildFile; fileRef = OBJ_112 /* fe_add.c */; };
		OBJ_223 /* fe_cmov.c in Sources */ = {isa = PBXBuildFile; fileRef = OBJ_113 /* fe_cmov.c */; };
		OBJ_224 /* fe_copy.c in Sources */ = {isa = PBXBuildFile; fileRef = OBJ_114 /* fe_copy.c */; };
		OBJ_225 /* fe_frombytes.c in Sources */ = {isa = PBXBuildFile; fileRef = OBJ_115 /* fe_frombytes.c */; };
		OBJ_226 /* fe_invert.c in Sources */ = {isa = PBXBuildFile; fileRef = OBJ_116 /* fe_invert.c */; };
		OBJ_227 /* fe_isequal.c in Sources */ = {isa = PBXBuildFile; fileRef = OBJ_117 /* fe_isequal.c */; };
		OBJ_228 /* fe_isnegative.c in Sources */ = {isa = PBXBuildFile; fileRef = OBJ_118 /* fe_isnegative.c */; };
		OBJ_229 /* fe_isnonzero.c in Sources */ = {isa = PBXBuildFile; fileRef = OBJ_119 /* fe_isnonzero.c */; };
		OBJ_230 /* fe_isreduced.c in Sources */ = {isa = PBXBuildFile; fileRef = OBJ_120 /* fe_isreduced.c */; };
		OBJ_231 /* fe_mont_rhs.c in Sources */ = {isa = PBXBuildFile; fileRef = OBJ_121 /* fe_mont_rhs.c */; };
		OBJ_232 /* fe_montx_to_edy.c in Sources */ = {isa = PBXBuildFile; fileRef = OBJ_122 /* fe_montx_to_edy.c */; };
		OBJ_233 /* fe_mul.c in Sources */ = {isa = PBXBuildFile; fileRef = OBJ_123 /* fe_mul.c */; };
		OBJ_234 /* fe_neg.c in Sources */ = {isa = PBXBuildFile; fileRef = OBJ_124 /* fe_neg.c */; };
		OBJ_235 /* fe_pow22523.c in Sources */ = {isa = PBXBuildFile; fileRef = OBJ_125 /* fe_pow22523.c */; };
		OBJ_236 /* fe_sq.c in Sources */ = {isa = PBXBuildFile; fileRef = OBJ_126 /* fe_sq.c */; };
		OBJ_237 /* fe_sq2.c in Sources */ = {isa = PBXBuildFile; fileRef = OBJ_127 /* fe_sq2.c */; };
		OBJ_238 /* fe_sqrt.c in Sources */ = {isa = PBXBuildFile; fileRef = OBJ_128 /* fe_sqrt.c */; };
		OBJ_239 /* fe_sub.c in Sources */ = {isa = PBXBuildFile; fileRef = OBJ_129 /* fe_sub.c */; };
		OBJ_240 /* fe_tobytes.c in Sources */ = {isa = PBXBuildFile; fileRef = OBJ_130 /* fe_tobytes.c */; };
		OBJ_241 /* ge_add.c in Sources */ = {isa = PBXBuildFile; fileRef = OBJ_131 /* ge_add.c */; };
		OBJ_242 /* ge_double_scalarmult.c in Sources */ = {isa = PBXBuildFile; fileRef = OBJ_132 /* ge_double_scalarmult.c */; };
		OBJ_243 /* ge_frombytes.c in Sources */ = {isa = PBXBuildFile; fileRef = OBJ_133 /* ge_frombytes.c */; };
		OBJ_244 /* ge_isneutral.c in Sources */ = {isa = PBXBuildFile; fileRef = OBJ_134 /* ge_isneutral.c */; };
		OBJ_245 /* ge_madd.c in Sources */ = {isa = PBXBuildFile; fileRef = OBJ_135 /* ge_madd.c */; };
		OBJ_246 /* ge_montx_to_p3.c in Sources */ = {isa = PBXBuildFile; fileRef = OBJ_136 /* ge_montx_to_p3.c */; };
		OBJ_247 /* ge_msub.c in Sources */ = {isa = PBXBuildFile; fileRef = OBJ_137 /* ge_msub.c */; };
		OBJ_248 /* ge_neg.c in Sources */ = {isa = PBXBuildFile; fileRef = OBJ_138 /* ge_neg.c */; };
		OBJ_249 /* ge_p1p1_to_p2.c in Sources */ = {isa = PBXBuildFile; fileRef = OBJ_139 /* ge_p1p1_to_p2.c */; };
		OBJ_250 /* ge_p1p1_to_p3.c in Sources */ = {isa = PBXBuildFile; fileRef = OBJ_140 /* ge_p1p1_to_p3.c */; };
		OBJ_251 /* ge_p2_0.c in Sources */ = {isa = PBXBuildFile; fileRef = OBJ_141 /* ge_p2_0.c */; };
		OBJ_252 /* ge_p2_dbl.c in Sources */ = {isa = PBXBuildFile; fileRef = OBJ_142 /* ge_p2_dbl.c */; };
		OBJ_253 /* ge_p3_0.c in Sources */ = {isa = PBXBuildFile; fileRef = OBJ_143 /* ge_p3_0.c */; };
		OBJ_254 /* ge_p3_add.c in Sources */ = {isa = PBXBuildFile; fileRef = OBJ_144 /* ge_p3_add.c */; };
		OBJ_255 /* ge_p3_dbl.c in Sources */ = {isa = PBXBuildFile; fileRef = OBJ_145 /* ge_p3_dbl.c */; };
		OBJ_256 /* ge_p3_to_cached.c in Sources */ = {isa = PBXBuildFile; fileRef = OBJ_146 /* ge_p3_to_cached.c */; };
		OBJ_257 /* ge_p3_to_montx.c in Sources */ = {isa = PBXBuildFile; fileRef = OBJ_147 /* ge_p3_to_montx.c */; };
		OBJ_258 /* ge_p3_to_p2.c in Sources */ = {isa = PBXBuildFile; fileRef = OBJ_148 /* ge_p3_to_p2.c */; };
		OBJ_259 /* ge_p3_tobytes.c in Sources */ = {isa = PBXBuildFile; fileRef = OBJ_149 /* ge_p3_tobytes.c */; };
		OBJ_260 /* ge_precomp_0.c in Sources */ = {isa = PBXBuildFile; fileRef = OBJ_150 /* ge_precomp_0.c */; };
		OBJ_261 /* ge_scalarmult.c in Sources */ = {isa = PBXBuildFile; fileRef = OBJ_151 /* ge_scalarmult.c */; };
		OBJ_262 /* ge_scalarmult_base.c in Sources */ = {isa = PBXBuildFile; fileRef = OBJ_152 /* ge_scalarmult_base.c */; };
		OBJ_263 /* ge_scalarmult_cofactor.c in Sources */ = {isa = PBXBuildFile; fileRef = OBJ_153 /* ge_scalarmult_cofactor.c */; };
		OBJ_264 /* ge_sub.c in Sources */ = {isa = PBXBuildFile; fileRef = OBJ_154 /* ge_sub.c */; };
		OBJ_265 /* ge_tobytes.c in Sources */ = {isa = PBXBuildFile; fileRef = OBJ_155 /* ge_tobytes.c */; };
		OBJ_266 /* gen_eddsa.c in Sources */ = {isa = PBXBuildFile; fileRef = OBJ_156 /* gen_eddsa.c */; };
		OBJ_267 /* gen_labelset.c in Sources */ = {isa = PBXBuildFile; fileRef = OBJ_157 /* gen_labelset.c */; };
		OBJ_268 /* gen_veddsa.c in Sources */ = {isa = PBXBuildFile; fileRef = OBJ_158 /* gen_veddsa.c */; };
		OBJ_269 /* gen_x.c in Sources */ = {isa = PBXBuildFile; fileRef = OBJ_159 /* gen_x.c */; };
		OBJ_270 /* hash.c in Sources */ = {isa = PBXBuildFile; fileRef = OBJ_160 /* hash.c */; };
		OBJ_271 /* internal_fast_tests.c in Sources */ = {isa = PBXBuildFile; fileRef = OBJ_161 /* internal_fast_tests.c */; };
		OBJ_272 /* internal_slow_tests.c in Sources */ = {isa = PBXBuildFile; fileRef = OBJ_162 /* internal_slow_tests.c */; };
		OBJ_273 /* keygen.c in Sources */ = {isa = PBXBuildFile; fileRef = OBJ_163 /* keygen.c */; };
		OBJ_274 /* open.c in Sources */ = {isa = PBXBuildFile; fileRef = OBJ_164 /* open.c */; };
		OBJ_275 /* open_modified.c in Sources */ = {isa = PBXBuildFile; fileRef = OBJ_165 /* open_modified.c */; };
		OBJ_276 /* point_isreduced.c in Sources */ = {isa = PBXBuildFile; fileRef = OBJ_166 /* point_isreduced.c */; };
		OBJ_277 /* sc_clamp.c in Sources */ = {isa = PBXBuildFile; fileRef = OBJ_167 /* sc_clamp.c */; };
		OBJ_278 /* sc_cmov.c in Sources */ = {isa = PBXBuildFile; fileRef = OBJ_168 /* sc_cmov.c */; };
		OBJ_279 /* sc_isreduced.c in Sources */ = {isa = PBXBuildFile; fileRef = OBJ_169 /* sc_isreduced.c */; };
		OBJ_280 /* sc_muladd.c in Sources */ = {isa = PBXBuildFile; fileRef = OBJ_170 /* sc_muladd.c */; };
		OBJ_281 /* sc_neg.c in Sources */ = {isa = PBXBuildFile; fileRef = OBJ_171 /* sc_neg.c */; };
		OBJ_282 /* sc_reduce.c in Sources */ = {isa = PBXBuildFile; fileRef = OBJ_172 /* sc_reduce.c */; };
		OBJ_283 /* sign.c in Sources */ = {isa = PBXBuildFile; fileRef = OBJ_173 /* sign.c */; };
		OBJ_284 /* sign_modified.c in Sources */ = {isa = PBXBuildFile; fileRef = OBJ_174 /* sign_modified.c */; };
		OBJ_285 /* utility.c in Sources */ = {isa = PBXBuildFile; fileRef = OBJ_175 /* utility.c */; };
		OBJ_286 /* xeddsa.c in Sources */ = {isa = PBXBuildFile; fileRef = OBJ_176 /* xeddsa.c */; };
		OBJ_287 /* zeroize.c in Sources */ = {isa = PBXBuildFile; fileRef = OBJ_177 /* zeroize.c */; };
		OBJ_288 /* curve25519-donna.c in Sources */ = {isa = PBXBuildFile; fileRef = OBJ_178 /* curve25519-donna.c */; };
		OBJ_290 /* curve25519-donna.h in Headers */ = {isa = PBXBuildFile; fileRef = OBJ_180 /* curve25519-donna.h */; settings = {ATTRIBUTES = (Public, ); }; };
		OBJ_291 /* internal_fast_tests.h in Headers */ = {isa = PBXBuildFile; fileRef = OBJ_181 /* internal_fast_tests.h */; settings = {ATTRIBUTES = (Public, ); }; };
		OBJ_292 /* CCurve25519.h in Headers */ = {isa = PBXBuildFile; fileRef = OBJ_182 /* CCurve25519.h */; settings = {ATTRIBUTES = (Public, ); }; };
		OBJ_293 /* internal_slow_tests.h in Headers */ = {isa = PBXBuildFile; fileRef = OBJ_183 /* internal_slow_tests.h */; settings = {ATTRIBUTES = (Public, ); }; };