
// !$*UTF8*$!
{
	archiveVersion = 1;
	classes = {
	};
	objectVersion = 46;
	objects = {

/* Begin PBXAggregateTarget section */
		"CryptoKit25519::CryptoKit25519PackageTests::ProductTarget" /* CryptoKit25519PackageTests */ = {
			isa = PBXAggregateTarget;
			buildConfigurationList = OBJ_352 /* Build configuration list for PBXAggregateTarget "CryptoKit25519PackageTests" */;
			buildPhases = (
			);
			dependencies = (
				OBJ_355 /* PBXTargetDependency */,
			);
			name = CryptoKit25519PackageTests;
			productName = CryptoKit25519PackageTests;
		};
/* End PBXAggregateTarget section */

/* Begin PBXBuildFile section */
		CE1E036523C693A900F15FD3 /* SharedSecret.swift in Sources */ = {isa = PBXBuildFile; fileRef = CE1E036323C6936F00F15FD3 /* SharedSecret.swift */; };
		CE1E036823C694F400F15FD3 /* SymmetricKey.swift in Sources */ = {isa = PBXBuildFile; fileRef = CE1E036623C694C100F15FD3 /* SymmetricKey.swift */; };
		CE1E036C23C69ADE00F15FD3 /* SigningPrivateKey.swift in Sources */ = {isa = PBXBuildFile; fileRef = CE1E036A23C69AD800F15FD3 /* SigningPrivateKey.swift */; };
		CE1E036F23C69BA200F15FD3 /* SigningPublicKey.swift in Sources */ = {isa = PBXBuildFile; fileRef = CE1E036D23C69B3400F15FD3 /* SigningPublicKey.swift */; };
		CE8A488323CCA5850097D974 /* AES.swift in Sources */ = {isa = PBXBuildFile; fileRef = CE8A488123CCA42C0097D974 /* AES.swift */; };
		CE8A488623CCA8BE0097D974 /* Randomness.swift in Sources */ = {isa = PBXBuildFile; fileRef = CE8A488423CCA8880097D974 /* Randomness.swift */; };
		CE8A488923CCAC180097D974 /* CryptoKitError.swift in Sources */ = {isa = PBXBuildFile; fileRef = CE8A488723CCAC140097D974 /* CryptoKitError.swift */; };
		CE8A488D23CCB0650097D974 /* GCM.swift in Sources */ = {isa = PBXBuildFile; fileRef = CE8A488B23CCB0610097D974 /* GCM.swift */; };
		CE8A489023CCB0990097D974 /* Nonce.swift in Sources */ = {isa = PBXBuildFile; fileRef = CE8A488E23CCB0960097D974 /* Nonce.swift */; };
		CE8A489323CCB0CE0097D974 /* SealedBox.swift in Sources */ = {isa = PBXBuildFile; fileRef = CE8A489123CCB0CB0097D974 /* SealedBox.swift */; };
		OBJ_216 /* blocks.c in Sources */ = {isa = PBXBuildFile; fileRef = OBJ_106 /* blocks.c */; };
		OBJ_217 /* compare.c in Sources */ = {isa = PBXBuildFile; fileRef = OBJ_107 /* compare.c */; };
		OBJ_218 /* curve_sigs.c in Sources */ = {isa = PBXBuildFile; fileRef = OBJ_108 /* curve_sigs.c */; };